
Microsoft Visual Studio Solution File, Format Version 12.00
# Visual Studio Version 17
VisualStudioVersion = 17.3.32929.385
MinimumVisualStudioVersion = 10.0.40219.1
Project("{FAE04EC0-301F-11D3-BF4B-00C04F79EFBC}") = "DemoApi", "DemoApi\DemoApi.csproj", "{D3FF5B9B-192E-4A19-9766-F9048F49AC86}"
EndProject
Global
	GlobalSection(SolutionConfigurationPlatforms) = preSolution
		Debug|Any CPU = Debug|Any CPU
		Release|Any CPU = Release|Any CPU
	EndGlobalSection
	GlobalSection(ProjectConfigurationPlatforms) = postSolution
		{D3FF5B9B-192E-4A19-9766-F9048F49AC86}.Debug|Any CPU.ActiveCfg = Debug|Any CPU
		{D3FF5B9B-192E-4A19-9766-F9048F49AC86}.Debug|Any CPU.Build.0 = Debug|Any CPU
		{D3FF5B9B-192E-4A19-9766-F9048F49AC86}.Release|Any CPU.ActiveCfg = Release|Any CPU
		{D3FF5B9B-192E-4A19-9766-F9048F49AC86}.Release|Any CPU.Build.0 = Release|Any CPU
	EndGlobalSection
	GlobalSection(SolutionProperties) = preSolution
		HideSolutionNode = FALSE
	EndGlobalSection
	GlobalSection(ExtensibilityGlobals) = postSolution
		SolutionGuid = {22A863A4-1174-4CC9-B472-D7AD6CFC5791}
	EndGlobalSection
EndGlobal
